PODS:
  - Alamofire (4.7.3)
  - AWSCore (2.6.23)
  - AWSPinpoint (2.6.23):
    - AWSCore (= 2.6.23)
  - SwiftyJSON (4.1.0)

DEPENDENCIES:
  - Alamofire
  - AWSPinpoint (~> 2.6.5)
  - SwiftyJSON

SPEC REPOS:
  https://github.com/cocoapods/specs.git:
    - Alamofire
    - AWSCore
    - AWSPinpoint
    - SwiftyJSON

SPEC CHECKSUMS:
  Alamofire: c7287b6e5d7da964a70935e5db17046b7fde6568
  AWSCore: d56f69d7312e652e51c70f3b25e1687a5c2d06ca
  AWSPinpoint: 198ece283bc4b5b7dc8e08dfb3415b6225203e7f
  SwiftyJSON: c29297daf073d2aa016295d5809cdd68045c39b3

PODFILE CHECKSUM: 7213687e21f41112e2cc41fb470db68c01059d71

COCOAPODS: 1.5.3
