// !$*UTF8*$!
{
	archiveVersion = 1;
	classes = {
	};
	objectVersion = 50;
	objects = {

/* Begin PBXBuildFile section */
		27F2A46DD6D8C852FE288F6A /* Pods_LandOfVoca.framework in Frameworks */ = {isa = PBXBuildFile; fileRef = 7C6BC0C618C430DAEE4B55CB /* Pods_LandOfVoca.framework */; settings = {ATTRIBUTES = (Required, ); }; };
		772B1C9820E207F000483A45 /* Info.plist in Resources */ = {isa = PBXBuildFile; fileRef = 772B1C9720E207F000483A45 /* Info.plist */; };
		772B1C9C20E7158500483A45 /* Quizz2ViewController.swift in Sources */ = {isa = PBXBuildFile; fileRef = 772B1C9A20E7158500483A45 /* Quizz2ViewController.swift */; };
		772B1CA220E72B6900483A45 /* Quizz2Question.swift in Sources */ = {isa = PBXBuildFile; fileRef = 772B1CA120E72B6900483A45 /* Quizz2Question.swift */; };
		772B1CA420E72B8600483A45 /* Quizz2QuestionBank.swift in Sources */ = {isa = PBXBuildFile; fileRef = 772B1CA320E72B8600483A45 /* Quizz2QuestionBank.swift */; };
		772B1CA620E9D3D300483A45 /* RegistrationViewController.swift in Sources */ = {isa = PBXBuildFile; fileRef = 772B1CA520E9D3D300483A45 /* RegistrationViewController.swift */; };
		772B1CB620EDEC7900483A45 /* DataModel.xcdatamodeld in Sources */ = {isa = PBXBuildFile; fileRef = 772B1CB420EDEC7900483A45 /* DataModel.xcdatamodeld */; };
		772B1CDA20EF3D4200483A45 /* WordViewController.swift in Sources */ = {isa = PBXBuildFile; fileRef = 772B1CD920EF3D4200483A45 /* WordViewController.swift */; };
		772B1CDC20EF493100483A45 /* word.csv in Resources */ = {isa = PBXBuildFile; fileRef = 772B1CDB20EF493100483A45 /* word.csv */; };
		774D718F20BD2D1A008ED909 /* AppDelegate.swift in Sources */ = {isa = PBXBuildFile; fileRef = 774D718E20BD2D1A008ED909 /* AppDelegate.swift */; };
		774D719420BD2D1A008ED909 /* Main.storyboard in Resources */ = {isa = PBXBuildFile; fileRef = 774D719220BD2D1A008ED909 /* Main.storyboard */; };
		774D719620BD2D1B008ED909 /* Assets.xcassets in Resources */ = {isa = PBXBuildFile; fileRef = 774D719520BD2D1B008ED909 /* Assets.xcassets */; };
		774D719920BD2D1B008ED909 /* LaunchScreen.storyboard in Resources */ = {isa = PBXBuildFile; fileRef = 774D719720BD2D1B008ED909 /* LaunchScreen.storyboard */; };
		774D71A320BD2E5B008ED909 /* awsconfiguration.json in Resources */ = {isa = PBXBuildFile; fileRef = 774D71A220BD2E5B008ED909 /* awsconfiguration.json */; };
		779D754E20F46A9D00EF8BE5 /* toefl.csv in Resources */ = {isa = PBXBuildFile; fileRef = 779D754820F46A9D00EF8BE5 /* toefl.csv */; };
		779D755020F48B5C00EF8BE5 /* Overall.storyboard in Resources */ = {isa = PBXBuildFile; fileRef = 779D754F20F48B5C00EF8BE5 /* Overall.storyboard */; };
		779D755D20F71E6E00EF8BE5 /* MiddlePartViewController.swift in Sources */ = {isa = PBXBuildFile; fileRef = 779D755C20F71E6E00EF8BE5 /* MiddlePartViewController.swift */; };
		77D867E020E1FC2D00D50672 /* User.swift in Sources */ = {isa = PBXBuildFile; fileRef = 77D867DF20E1FC2D00D50672 /* User.swift */; };
		77D867E220E2000D00D50672 /* LoginViewController.swift in Sources */ = {isa = PBXBuildFile; fileRef = 77D867E120E2000D00D50672 /* LoginViewController.swift */; };
/* End PBXBuildFile section */

/* Begin PBXContainerItemProxy section */
		772B1C9120E207E400483A45 /* PBXContainerItemProxy */ = {
			isa = PBXContainerItemProxy;
			containerPortal = 772B1C8B20E207E300483A45 /* Pods.xcodeproj */;
			proxyType = 2;
			remoteGlobalIDString = 2E278437EEEF4892DB8701986B54989E;
			remoteInfo = AWSCore;
		};
		772B1C9320E207E400483A45 /* PBXContainerItemProxy */ = {
			isa = PBXContainerItemProxy;
			containerPortal = 772B1C8B20E207E300483A45 /* Pods.xcodeproj */;
			proxyType = 2;
			remoteGlobalIDString = 55B4B9B1A4A028BA44AA86173F145A71;
			remoteInfo = AWSPinpoint;
		};
		772B1C9520E207E400483A45 /* PBXContainerItemProxy */ = {
			isa = PBXContainerItemProxy;
			containerPortal = 772B1C8B20E207E300483A45 /* Pods.xcodeproj */;
			proxyType = 2;
			remoteGlobalIDString = BE5D2517181ABB7F524AAB1AE15A241A;
			remoteInfo = "Pods-LandOfVoca";
		};
		772B1CAE20E9D7F100483A45 /* PBXContainerItemProxy */ = {
			isa = PBXContainerItemProxy;
			containerPortal = 772B1C8B20E207E300483A45 /* Pods.xcodeproj */;
			proxyType = 2;
			remoteGlobalIDString = ACE7A378BD84ACA6BDBA650739C60815;
			remoteInfo = Alamofire;
		};
		772B1CB020E9D7F100483A45 /* PBXContainerItemProxy */ = {
			isa = PBXContainerItemProxy;
			containerPortal = 772B1C8B20E207E300483A45 /* Pods.xcodeproj */;
			proxyType = 2;
			remoteGlobalIDString = 5EAE422550DF949A559998CE1DA127DA;
			remoteInfo = SwiftyJSON;
		};
		779D755A20F71E4400EF8BE5 /* PBXContainerItemProxy */ = {
			isa = PBXContainerItemProxy;
			containerPortal = 772B1C8B20E207E300483A45 /* Pods.xcodeproj */;
			proxyType = 2;
			remoteGlobalIDString = 0A1B7C84A30F795A5EAFEABC91C9FB7C;
			remoteInfo = DKCircleButton;
		};
/* End PBXContainerItemProxy section */

/* Begin PBXFileReference section */
		269C1901E2BF0023D031C9E1 /* Pods-LandOfVoca.release.xcconfig */ = {isa = PBXFileReference; includeInIndex = 1; lastKnownFileType = text.xcconfig; name = "Pods-LandOfVoca.release.xcconfig"; path = "Pods/Target Support Files/Pods-LandOfVoca/Pods-LandOfVoca.release.xcconfig"; sourceTree = "<group>"; };
		6EA7BD77F3A06AE7F5BC8252 /* Pods-LandOfVoca.debug.xcconfig */ = {isa = PBXFileReference; includeInIndex = 1; lastKnownFileType = text.xcconfig; name = "Pods-LandOfVoca.debug.xcconfig"; path = "Pods/Target Support Files/Pods-LandOfVoca/Pods-LandOfVoca.debug.xcconfig"; sourceTree = "<group>"; };
		772B1C8B20E207E300483A45 /* Pods.xcodeproj */ = {isa = PBXFileReference; lastKnownFileType = "wrapper.pb-project"; name = Pods.xcodeproj; path = ../../Pods/Pods.xcodeproj; sourceTree = "<group>"; };
		772B1C9720E207F000483A45 /* Info.plist */ = {isa = PBXFileReference; fileEncoding = 4; lastKnownFileType = text.plist.xml; path = Info.plist; sourceTree = "<group>"; };
		772B1C9A20E7158500483A45 /* Quizz2ViewController.swift */ = {isa = PBXFileReference; lastKnownFileType = sourcecode.swift; path = Quizz2ViewController.swift; sourceTree = "<group>"; };
		772B1CA120E72B6900483A45 /* Quizz2Question.swift */ = {isa = PBXFileReference; lastKnownFileType = sourcecode.swift; path = Quizz2Question.swift; sourceTree = "<group>"; };
		772B1CA320E72B8600483A45 /* Quizz2QuestionBank.swift */ = {isa = PBXFileReference; lastKnownFileType = sourcecode.swift; path = Quizz2QuestionBank.swift; sourceTree = "<group>"; };
		772B1CA520E9D3D300483A45 /* RegistrationViewController.swift */ = {isa = PBXFileReference; lastKnownFileType = sourcecode.swift; path = RegistrationViewController.swift; sourceTree = "<group>"; };
		772B1CB520EDEC7900483A45 /* DataModel.xcdatamodel */ = {isa = PBXFileReference; lastKnownFileType = wrapper.xcdatamodel; path = DataModel.xcdatamodel; sourceTree = "<group>"; };
		772B1CD920EF3D4200483A45 /* WordViewController.swift */ = {isa = PBXFileReference; lastKnownFileType = sourcecode.swift; path = WordViewController.swift; sourceTree = "<group>"; };
		772B1CDB20EF493100483A45 /* word.csv */ = {isa = PBXFileReference; lastKnownFileType = text; path = word.csv; sourceTree = "<group>"; };
		774D718B20BD2D1A008ED909 /* LandOfVoca.app */ = {isa = PBXFileReference; explicitFileType = wrapper.application; includeInIndex = 0; path = LandOfVoca.app; sourceTree = BUILT_PRODUCTS_DIR; };
		774D718E20BD2D1A008ED909 /* AppDelegate.swift */ = {isa = PBXFileReference; lastKnownFileType = sourcecode.swift; path = AppDelegate.swift; sourceTree = "<group>"; };
		774D719320BD2D1A008ED909 /* Base */ = {isa = PBXFileReference; lastKnownFileType = file.storyboard; name = Base; path = Base.lproj/Main.storyboard; sourceTree = "<group>"; };
		774D719520BD2D1B008ED909 /* Assets.xcassets */ = {isa = PBXFileReference; lastKnownFileType = folder.assetcatalog; path = Assets.xcassets; sourceTree = "<group>"; };
		774D719820BD2D1B008ED909 /* Base */ = {isa = PBXFileReference; lastKnownFileType = file.storyboard; name = Base; path = Base.lproj/LaunchScreen.storyboard; sourceTree = "<group>"; };
		774D719A20BD2D1B008ED909 /* Info.plist */ = {isa = PBXFileReference; lastKnownFileType = text.plist.xml; path = Info.plist; sourceTree = "<group>"; };
		774D71A220BD2E5B008ED909 /* awsconfiguration.json */ = {isa = PBXFileReference; fileEncoding = 4; lastKnownFileType = text.json; path = awsconfiguration.json; sourceTree = "<group>"; };
		779D754820F46A9D00EF8BE5 /* toefl.csv */ = {isa = PBXFileReference; fileEncoding = 4; lastKnownFileType = text; name = toefl.csv; path = ../../../../../Tools/Crawler/toefl.csv; sourceTree = "<group>"; };
		779D754F20F48B5C00EF8BE5 /* Overall.storyboard */ = {isa = PBXFileReference; lastKnownFileType = file.storyboard; path = Overall.storyboard; sourceTree = "<group>"; };
		779D755C20F71E6E00EF8BE5 /* MiddlePartViewController.swift */ = {isa = PBXFileReference; lastKnownFileType = sourcecode.swift; path = MiddlePartViewController.swift; sourceTree = "<group>"; };
		77D867DF20E1FC2D00D50672 /* User.swift */ = {isa = PBXFileReference; lastKnownFileType = sourcecode.swift; path = User.swift; sourceTree = "<group>"; };
		77D867E120E2000D00D50672 /* LoginViewController.swift */ = {isa = PBXFileReference; lastKnownFileType = sourcecode.swift; path = LoginViewController.swift; sourceTree = "<group>"; };
		7C6BC0C618C430DAEE4B55CB /* Pods_LandOfVoca.framework */ = {isa = PBXFileReference; explicitFileType = wrapper.framework; includeInIndex = 0; path = Pods_LandOfVoca.framework; sourceTree = BUILT_PRODUCTS_DIR; };
/* End PBXFileReference section */

/* Begin PBXFrameworksBuildPhase section */
		774D718820BD2D1A008ED909 /* Frameworks */ = {
			isa = PBXFrameworksBuildPhase;
			buildActionMask = 2147483647;
			files = (
				27F2A46DD6D8C852FE288F6A /* Pods_LandOfVoca.framework in Frameworks */,
			);
			runOnlyForDeploymentPostprocessing = 0;
		};
/* End PBXFrameworksBuildPhase section */

/* Begin PBXGroup section */
		772B1C8C20E207E300483A45 /* Products */ = {
			isa = PBXGroup;
			children = (
				772B1CAF20E9D7F100483A45 /* Alamofire.framework */,
				772B1C9220E207E400483A45 /* AWSCore.framework */,
				772B1C9420E207E400483A45 /* AWSPinpoint.framework */,
				779D755B20F71E4400EF8BE5 /* DKCircleButton.framework */,
				772B1C9620E207E400483A45 /* Pods_LandOfVoca.framework */,
				772B1CB120E9D7F100483A45 /* SwiftyJSON.framework */,
			);
			name = Products;
			sourceTree = "<group>";
		};
		772B1CA820E9D7F100483A45 /* Service */ = {
			isa = PBXGroup;
			children = (
			);
			path = Service;
			sourceTree = "<group>";
		};
		772B1CB720EDEC8000483A45 /* Database */ = {
			isa = PBXGroup;
			children = (
				772B1CB420EDEC7900483A45 /* DataModel.xcdatamodeld */,
			);
			path = Database;
			sourceTree = "<group>";
		};
		774D718220BD2D1A008ED909 = {
			isa = PBXGroup;
			children = (
				774D718D20BD2D1A008ED909 /* LandOfVoca */,
				774D718C20BD2D1A008ED909 /* Products */,
				EF3289553AB6FE08C12BCD35 /* Pods */,
				A81D719F99D1EA0718AC58F2 /* Frameworks */,
			);
			sourceTree = "<group>";
		};
		774D718C20BD2D1A008ED909 /* Products */ = {
			isa = PBXGroup;
			children = (
				774D718B20BD2D1A008ED909 /* LandOfVoca.app */,
			);
			name = Products;
			sourceTree = "<group>";
		};
		774D718D20BD2D1A008ED909 /* LandOfVoca */ = {
			isa = PBXGroup;
			children = (
				772B1CB720EDEC8000483A45 /* Database */,
				772B1CA820E9D7F100483A45 /* Service */,
				77D867DE20E1E02300D50672 /* Model */,
				77D867DC20E1DFEA00D50672 /* View */,
				77D867DB20E1DFD000D50672 /* Controller */,
				77D867DD20E1E00C00D50672 /* Resources */,
			);
			path = LandOfVoca;
			sourceTree = "<group>";
		};
		779D755120F48D6100EF8BE5 /* PreLevel */ = {
			isa = PBXGroup;
			children = (
				77D867E120E2000D00D50672 /* LoginViewController.swift */,
				772B1CA520E9D3D300483A45 /* RegistrationViewController.swift */,
			);
			path = PreLevel;
			sourceTree = "<group>";
		};
		779D755320F71E4400EF8BE5 /* MainLevel */ = {
			isa = PBXGroup;
			children = (
				779D755C20F71E6E00EF8BE5 /* MiddlePartViewController.swift */,
			);
			path = MainLevel;
			sourceTree = "<group>";
		};
		77D867DB20E1DFD000D50672 /* Controller */ = {
			isa = PBXGroup;
			children = (
				779D755320F71E4400EF8BE5 /* MainLevel */,
				774D718E20BD2D1A008ED909 /* AppDelegate.swift */,
				779D755120F48D6100EF8BE5 /* PreLevel */,
				772B1C9A20E7158500483A45 /* Quizz2ViewController.swift */,
				772B1CD920EF3D4200483A45 /* WordViewController.swift */,
			);
			path = Controller;
			sourceTree = "<group>";
		};
		77D867DC20E1DFEA00D50672 /* View */ = {
			isa = PBXGroup;
			children = (
				774D719720BD2D1B008ED909 /* LaunchScreen.storyboard */,
				774D719220BD2D1A008ED909 /* Main.storyboard */,
				779D754F20F48B5C00EF8BE5 /* Overall.storyboard */,
			);
			path = View;
			sourceTree = "<group>";
		};
		77D867DD20E1E00C00D50672 /* Resources */ = {
			isa = PBXGroup;
			children = (
				772B1C9720E207F000483A45 /* Info.plist */,
				772B1C8B20E207E300483A45 /* Pods.xcodeproj */,
				774D719520BD2D1B008ED909 /* Assets.xcassets */,
				774D71A220BD2E5B008ED909 /* awsconfiguration.json */,
				779D754820F46A9D00EF8BE5 /* toefl.csv */,
				772B1CDB20EF493100483A45 /* word.csv */,
			);
			path = Resources;
			sourceTree = "<group>";
		};
		77D867DE20E1E02300D50672 /* Model */ = {
			isa = PBXGroup;
			children = (
				77D867DF20E1FC2D00D50672 /* User.swift */,
				772B1CA120E72B6900483A45 /* Quizz2Question.swift */,
				772B1CA320E72B8600483A45 /* Quizz2QuestionBank.swift */,
			);
			path = Model;
			sourceTree = "<group>";
		};
		A81D719F99D1EA0718AC58F2 /* Frameworks */ = {
			isa = PBXGroup;
			children = (
				7C6BC0C618C430DAEE4B55CB /* Pods_LandOfVoca.framework */,
				774D719A20BD2D1B008ED909 /* Info.plist */,
			);
			name = Frameworks;
			sourceTree = "<group>";
		};
		EF3289553AB6FE08C12BCD35 /* Pods */ = {
			isa = PBXGroup;
			children = (
				6EA7BD77F3A06AE7F5BC8252 /* Pods-LandOfVoca.debug.xcconfig */,
				269C1901E2BF0023D031C9E1 /* Pods-LandOfVoca.release.xcconfig */,
			);
			name = Pods;
			sourceTree = "<group>";
		};
/* End PBXGroup section */

/* Begin PBXNativeTarget section */
		774D718A20BD2D1A008ED909 /* LandOfVoca */ = {
			isa = PBXNativeTarget;
			buildConfigurationList = 774D719D20BD2D1B008ED909 /* Build configuration list for PBXNativeTarget "LandOfVoca" */;
			buildPhases = (
				01CFC81A4F378D65DB5BDB46 /* [CP] Check Pods Manifest.lock */,
				774D718720BD2D1A008ED909 /* Sources */,
				774D718820BD2D1A008ED909 /* Frameworks */,
				774D718920BD2D1A008ED909 /* Resources */,
				0FB6A52412C7D6517D10E6C1 /* [CP] Embed Pods Frameworks */,
			);
			buildRules = (
			);
			dependencies = (
			);
			name = LandOfVoca;
			productName = LandOfVoca;
			productReference = 774D718B20BD2D1A008ED909 /* LandOfVoca.app */;
			productType = "com.apple.product-type.application";
		};
/* End PBXNativeTarget section */

/* Begin PBXProject section */
		774D718320BD2D1A008ED909 /* Project object */ = {
			isa = PBXProject;
			attributes = {
				LastSwiftUpdateCheck = 0930;
				LastUpgradeCheck = 0930;
				ORGANIZATIONNAME = teamtiger;
				TargetAttributes = {
					774D718A20BD2D1A008ED909 = {
						CreatedOnToolsVersion = 9.3.1;
					};
				};
			};
			buildConfigurationList = 774D718620BD2D1A008ED909 /* Build configuration list for PBXProject "LandOfVoca" */;
			compatibilityVersion = "Xcode 9.3";
			developmentRegion = en;
			hasScannedForEncodings = 0;
			knownRegions = (
				en,
				Base,
			);
			mainGroup = 774D718220BD2D1A008ED909;
			productRefGroup = 774D718C20BD2D1A008ED909 /* Products */;
			projectDirPath = "";
			projectReferences = (
				{
					ProductGroup = 772B1C8C20E207E300483A45 /* Products */;
					ProjectRef = 772B1C8B20E207E300483A45 /* Pods.xcodeproj */;
				},
			);
			projectRoot = "";
			targets = (
				774D718A20BD2D1A008ED909 /* LandOfVoca */,
			);
		};
/* End PBXProject section */

/* Begin PBXReferenceProxy section */
		772B1C9220E207E400483A45 /* AWSCore.framework */ = {
			isa = PBXReferenceProxy;
			fileType = wrapper.framework;
			path = AWSCore.framework;
			remoteRef = 772B1C9120E207E400483A45 /* PBXContainerItemProxy */;
			sourceTree = BUILT_PRODUCTS_DIR;
		};
		772B1C9420E207E400483A45 /* AWSPinpoint.framework */ = {
			isa = PBXReferenceProxy;
			fileType = wrapper.framework;
			path = AWSPinpoint.framework;
			remoteRef = 772B1C9320E207E400483A45 /* PBXContainerItemProxy */;
			sourceTree = BUILT_PRODUCTS_DIR;
		};
		772B1C9620E207E400483A45 /* Pods_LandOfVoca.framework */ = {
			isa = PBXReferenceProxy;
			fileType = wrapper.framework;
			path = Pods_LandOfVoca.framework;
			remoteRef = 772B1C9520E207E400483A45 /* PBXContainerItemProxy */;
			sourceTree = BUILT_PRODUCTS_DIR;
		};
		772B1CAF20E9D7F100483A45 /* Alamofire.framework */ = {
			isa = PBXReferenceProxy;
			fileType = wrapper.framework;
			path = Alamofire.framework;
			remoteRef = 772B1CAE20E9D7F100483A45 /* PBXContainerItemProxy */;
			sourceTree = BUILT_PRODUCTS_DIR;
		};
		772B1CB120E9D7F100483A45 /* SwiftyJSON.framework */ = {
			isa = PBXReferenceProxy;
			fileType = wrapper.framework;
			path = SwiftyJSON.framework;
			remoteRef = 772B1CB020E9D7F100483A45 /* PBXContainerItemProxy */;
			sourceTree = BUILT_PRODUCTS_DIR;
		};
		779D755B20F71E4400EF8BE5 /* DKCircleButton.framework */ = {
			isa = PBXReferenceProxy;
			fileType = wrapper.framework;
			path = DKCircleButton.framework;
			remoteRef = 779D755A20F71E4400EF8BE5 /* PBXContainerItemProxy */;
			sourceTree = BUILT_PRODUCTS_DIR;
		};
/* End PBXReferenceProxy section */

/* Begin PBXResourcesBuildPhase section */
		774D718920BD2D1A008ED909 /* Resources */ = {
			isa = PBXResourcesBuildPhase;
			buildActionMask = 2147483647;
			files = (
				774D71A320BD2E5B008ED909 /* awsconfiguration.json in Resources */,
				779D754E20F46A9D00EF8BE5 /* toefl.csv in Resources */,
				774D719920BD2D1B008ED909 /* LaunchScreen.storyboard in Resources */,
				772B1CDC20EF493100483A45 /* word.csv in Resources */,
				774D719620BD2D1B008ED909 /* Assets.xcassets in Resources */,
				772B1C9820E207F000483A45 /* Info.plist in Resources */,
				779D755020F48B5C00EF8BE5 /* Overall.storyboard in Resources */,
				774D719420BD2D1A008ED909 /* Main.storyboard in Resources */,
			);
			runOnlyForDeploymentPostprocessing = 0;
		};
/* End PBXResourcesBuildPhase section */

/* Begin PBXShellScriptBuildPhase section */
		01CFC81A4F378D65DB5BDB46 /* [CP] Check Pods Manifest.lock */ = {
			isa = PBXShellScriptBuildPhase;
			buildActionMask = 2147483647;
			files = (
			);
			inputPaths = (
				"${PODS_PODFILE_DIR_PATH}/Podfile.lock",
				"${PODS_ROOT}/Manifest.lock",
			);
			name = "[CP] Check Pods Manifest.lock";
			outputPaths = (
				"$(DERIVED_FILE_DIR)/Pods-LandOfVoca-checkManifestLockResult.txt",
			);
			runOnlyForDeploymentPostprocessing = 0;
			shellPath = /bin/sh;
			shellScript = "diff \"${PODS_PODFILE_DIR_PATH}/Podfile.lock\" \"${PODS_ROOT}/Manifest.lock\" > /dev/null\nif [ $? != 0 ] ; then\n    # print error to STDERR\n    echo \"error: The sandbox is not in sync with the Podfile.lock. Run 'pod install' or update your CocoaPods installation.\" >&2\n    exit 1\nfi\n# This output is used by Xcode 'outputs' to avoid re-running this script phase.\necho \"SUCCESS\" > \"${SCRIPT_OUTPUT_FILE_0}\"\n";
			showEnvVarsInLog = 0;
		};
		0FB6A52412C7D6517D10E6C1 /* [CP] Embed Pods Frameworks */ = {
			isa = PBXShellScriptBuildPhase;
			buildActionMask = 2147483647;
			files = (
			);
			inputPaths = (
				"${SRCROOT}/Pods/Target Support Files/Pods-LandOfVoca/Pods-LandOfVoca-frameworks.sh",
				"${BUILT_PRODUCTS_DIR}/AWSCore/AWSCore.framework",
				"${BUILT_PRODUCTS_DIR}/AWSPinpoint/AWSPinpoint.framework",
				"${BUILT_PRODUCTS_DIR}/Alamofire/Alamofire.framework",
				"${BUILT_PRODUCTS_DIR}/SwiftyJSON/SwiftyJSON.framework",
			);
			name = "[CP] Embed Pods Frameworks";
			outputPaths = (
				"${TARGET_BUILD_DIR}/${FRAMEWORKS_FOLDER_PATH}/AWSCore.framework",
				"${TARGET_BUILD_DIR}/${FRAMEWORKS_FOLDER_PATH}/AWSPinpoint.framework",
				"${TARGET_BUILD_DIR}/${FRAMEWORKS_FOLDER_PATH}/Alamofire.framework",
				"${TARGET_BUILD_DIR}/${FRAMEWORKS_FOLDER_PATH}/SwiftyJSON.framework",
			);
			runOnlyForDeploymentPostprocessing = 0;
			shellPath = /bin/sh;
			shellScript = "\"${SRCROOT}/Pods/Target Support Files/Pods-LandOfVoca/Pods-LandOfVoca-frameworks.sh\"\n";
			showEnvVarsInLog = 0;
		};
/* End PBXShellScriptBuildPhase section */

/* Begin PBXSourcesBuildPhase section */
		774D718720BD2D1A008ED909 /* Sources */ = {
			isa = PBXSourcesBuildPhase;
			buildActionMask = 2147483647;
			files = (
				772B1C9C20E7158500483A45 /* Quizz2ViewController.swift in Sources */,
				772B1CB620EDEC7900483A45 /* DataModel.xcdatamodeld in Sources */,
				77D867E220E2000D00D50672 /* LoginViewController.swift in Sources */,
				772B1CDA20EF3D4200483A45 /* WordViewController.swift in Sources */,
				772B1CA620E9D3D300483A45 /* RegistrationViewController.swift in Sources */,
				772B1CA420E72B8600483A45 /* Quizz2QuestionBank.swift in Sources */,
				774D718F20BD2D1A008ED909 /* AppDelegate.swift in Sources */,
				772B1CA220E72B6900483A45 /* Quizz2Question.swift in Sources */,
				779D755D20F71E6E00EF8BE5 /* MiddlePartViewController.swift in Sources */,
				77D867E020E1FC2D00D50672 /* User.swift in Sources */,
			);
			runOnlyForDeploymentPostprocessing = 0;
		};
/* End PBXSourcesBuildPhase section */

/* Begin PBXVariantGroup section */
		774D719220BD2D1A008ED909 /* Main.storyboard */ = {
			isa = PBXVariantGroup;
			children = (
				774D719320BD2D1A008ED909 /* Base */,
			);
			name = Main.storyboard;
			sourceTree = "<group>";
		};
		774D719720BD2D1B008ED909 /* LaunchScreen.storyboard */ = {
			isa = PBXVariantGroup;
			children = (
				774D719820BD2D1B008ED909 /* Base */,
			);
			name = LaunchScreen.storyboard;
			sourceTree = "<group>";
		};
/* End PBXVariantGroup section */

/* Begin XCBuildConfiguration section */
		774D719B20BD2D1B008ED909 /* Debug */ = {
			isa = XCBuildConfiguration;
			buildSettings = {
				ALWAYS_SEARCH_USER_PATHS = NO;
				CLANG_ANALYZER_NONNULL = YES;
				CLANG_ANALYZER_NUMBER_OBJECT_CONVERSION = YES_AGGRESSIVE;
				CLANG_CXX_LANGUAGE_STANDARD = "gnu++14";
				CLANG_CXX_LIBRARY = "libc++";
				CLANG_ENABLE_MODULES = YES;
				CLANG_ENABLE_OBJC_ARC = YES;
				CLANG_ENABLE_OBJC_WEAK = YES;
				CLANG_WARN_BLOCK_CAPTURE_AUTORELEASING = YES;
				CLANG_WARN_BOOL_CONVERSION = YES;
				CLANG_WARN_COMMA = YES;
				CLANG_WARN_CONSTANT_CONVERSION = YES;
				CLANG_WARN_DEPRECATED_OBJC_IMPLEMENTATIONS = YES;
				CLANG_WARN_DIRECT_OBJC_ISA_USAGE = YES_ERROR;
				CLANG_WARN_DOCUMENTATION_COMMENTS = YES;
				CLANG_WARN_EMPTY_BODY = YES;
				CLANG_WARN_ENUM_CONVERSION = YES;
				CLANG_WARN_INFINITE_RECURSION = YES;
				CLANG_WARN_INT_CONVERSION = YES;
				CLANG_WARN_NON_LITERAL_NULL_CONVERSION = YES;
				CLANG_WARN_OBJC_IMPLICIT_RETAIN_SELF = YES;
				CLANG_WARN_OBJC_LITERAL_CONVERSION = YES;
				CLANG_WARN_OBJC_ROOT_CLASS = YES_ERROR;
				CLANG_WARN_RANGE_LOOP_ANALYSIS = YES;
				CLANG_WARN_STRICT_PROTOTYPES = YES;
				CLANG_WARN_SUSPICIOUS_MOVE = YES;
				CLANG_WARN_UNGUARDED_AVAILABILITY = YES_AGGRESSIVE;
				CLANG_WARN_UNREACHABLE_CODE = YES;
				CLANG_WARN__DUPLICATE_METHOD_MATCH = YES;
				CODE_SIGN_IDENTITY = "iPhone Developer";
				COPY_PHASE_STRIP = NO;
				DEBUG_INFORMATION_FORMAT = dwarf;
				ENABLE_STRICT_OBJC_MSGSEND = YES;
				ENABLE_TESTABILITY = YES;
				GCC_C_LANGUAGE_STANDARD = gnu11;
				GCC_DYNAMIC_NO_PIC = NO;
				GCC_NO_COMMON_BLOCKS = YES;
				GCC_OPTIMIZATION_LEVEL = 0;
				GCC_PREPROCESSOR_DEFINITIONS = (
					"DEBUG=1",
					"$(inherited)",
				);
				GCC_WARN_64_TO_32_BIT_CONVERSION = YES;
				GCC_WARN_ABOUT_RETURN_TYPE = YES_ERROR;
				GCC_WARN_UNDECLARED_SELECTOR = YES;
				GCC_WARN_UNINITIALIZED_AUTOS = YES_AGGRESSIVE;
				GCC_WARN_UNUSED_FUNCTION = YES;
				GCC_WARN_UNUSED_VARIABLE = YES;
				IPHONEOS_DEPLOYMENT_TARGET = 11.3;
				MTL_ENABLE_DEBUG_INFO = YES;
				ONLY_ACTIVE_ARCH = YES;
				SDKROOT = iphoneos;
				SWIFT_ACTIVE_COMPILATION_CONDITIONS = DEBUG;
				SWIFT_OPTIMIZATION_LEVEL = "-Onone";
			};
			name = Debug;
		};
		774D719C20BD2D1B008ED909 /* Release */ = {
			isa = XCBuildConfiguration;
			buildSettings = {
				ALWAYS_SEARCH_USER_PATHS = NO;
				CLANG_ANALYZER_NONNULL = YES;
				CLANG_ANALYZER_NUMBER_OBJECT_CONVERSION = YES_AGGRESSIVE;
				CLANG_CXX_LANGUAGE_STANDARD = "gnu++14";
				CLANG_CXX_LIBRARY = "libc++";
				CLANG_ENABLE_MODULES = YES;
				CLANG_ENABLE_OBJC_ARC = YES;
				CLANG_ENABLE_OBJC_WEAK = YES;
				CLANG_WARN_BLOCK_CAPTURE_AUTORELEASING = YES;
				CLANG_WARN_BOOL_CONVERSION = YES;
				CLANG_WARN_COMMA = YES;
				CLANG_WARN_CONSTANT_CONVERSION = YES;
				CLANG_WARN_DEPRECATED_OBJC_IMPLEMENTATIONS = YES;
				CLANG_WARN_DIRECT_OBJC_ISA_USAGE = YES_ERROR;
				CLANG_WARN_DOCUMENTATION_COMMENTS = YES;
				CLANG_WARN_EMPTY_BODY = YES;
				CLANG_WARN_ENUM_CONVERSION = YES;
				CLANG_WARN_INFINITE_RECURSION = YES;
				CLANG_WARN_INT_CONVERSION = YES;
				CLANG_WARN_NON_LITERAL_NULL_CONVERSION = YES;
				CLANG_WARN_OBJC_IMPLICIT_RETAIN_SELF = YES;
				CLANG_WARN_OBJC_LITERAL_CONVERSION = YES;
				CLANG_WARN_OBJC_ROOT_CLASS = YES_ERROR;
				CLANG_WARN_RANGE_LOOP_ANALYSIS = YES;
				CLANG_WARN_STRICT_PROTOTYPES = YES;
				CLANG_WARN_SUSPICIOUS_MOVE = YES;
				CLANG_WARN_UNGUARDED_AVAILABILITY = YES_AGGRESSIVE;
				CLANG_WARN_UNREACHABLE_CODE = YES;
				CLANG_WARN__DUPLICATE_METHOD_MATCH = YES;
				CODE_SIGN_IDENTITY = "iPhone Developer";
				COPY_PHASE_STRIP = NO;
				DEBUG_INFORMATION_FORMAT = "dwarf-with-dsym";
				ENABLE_NS_ASSERTIONS = NO;
				ENABLE_STRICT_OBJC_MSGSEND = YES;
				GCC_C_LANGUAGE_STANDARD = gnu11;
				GCC_NO_COMMON_BLOCKS = YES;
				GCC_WARN_64_TO_32_BIT_CONVERSION = YES;
				GCC_WARN_ABOUT_RETURN_TYPE = YES_ERROR;
				GCC_WARN_UNDECLARED_SELECTOR = YES;
				GCC_WARN_UNINITIALIZED_AUTOS = YES_AGGRESSIVE;
				GCC_WARN_UNUSED_FUNCTION = YES;
				GCC_WARN_UNUSED_VARIABLE = YES;
				IPHONEOS_DEPLOYMENT_TARGET = 11.3;
				MTL_ENABLE_DEBUG_INFO = NO;
				SDKROOT = iphoneos;
				SWIFT_COMPILATION_MODE = wholemodule;
				SWIFT_OPTIMIZATION_LEVEL = "-O";
				VALIDATE_PRODUCT = YES;
			};
			name = Release;
		};
		774D719E20BD2D1B008ED909 /* Debug */ = {
			isa = XCBuildConfiguration;
			baseConfigurationReference = 6EA7BD77F3A06AE7F5BC8252 /* Pods-LandOfVoca.debug.xcconfig */;
			buildSettings = {
				ASSETCATALOG_COMPILER_APPICON_NAME = AppIcon;
				CODE_SIGN_STYLE = Automatic;
				DEVELOPMENT_TEAM = JXN8HR5WGS;
				INFOPLIST_FILE = LandOfVoca/Resources/Info.plist;
				LD_RUNPATH_SEARCH_PATHS = (
					"$(inherited)",
					"@executable_path/Frameworks",
				);
				PRODUCT_BUNDLE_IDENTIFIER = tiger.LandOfVoca;
				PRODUCT_NAME = "$(TARGET_NAME)";
				SWIFT_VERSION = 4.0;
				TARGETED_DEVICE_FAMILY = "1,2";
			};
			name = Debug;
		};
		774D719F20BD2D1B008ED909 /* Release */ = {
			isa = XCBuildConfiguration;
			baseConfigurationReference = 269C1901E2BF0023D031C9E1 /* Pods-LandOfVoca.release.xcconfig */;
			buildSettings = {
				ASSETCATALOG_COMPILER_APPICON_NAME = AppIcon;
				CODE_SIGN_STYLE = Automatic;
				DEVELOPMENT_TEAM = JXN8HR5WGS;
				INFOPLIST_FILE = LandOfVoca/Resources/Info.plist;
				LD_RUNPATH_SEARCH_PATHS = (
					"$(inherited)",
					"@executable_path/Frameworks",
				);
				PRODUCT_BUNDLE_IDENTIFIER = tiger.LandOfVoca;
				PRODUCT_NAME = "$(TARGET_NAME)";
				SWIFT_VERSION = 4.0;
				TARGETED_DEVICE_FAMILY = "1,2";
			};
			name = Release;
		};
/* End XCBuildConfiguration section */

/* Begin XCConfigurationList section */
		774D718620BD2D1A008ED909 /* Build configuration list for PBXProject "LandOfVoca" */ = {
			isa = XCConfigurationList;
			buildConfigurations = (
				774D719B20BD2D1B008ED909 /* Debug */,
				774D719C20BD2D1B008ED909 /* Release */,
			);
			defaultConfigurationIsVisible = 0;
			defaultConfigurationName = Release;
		};
		774D719D20BD2D1B008ED909 /* Build configuration list for PBXNativeTarget "LandOfVoca" */ = {
			isa = XCConfigurationList;
			buildConfigurations = (
				774D719E20BD2D1B008ED909 /* Debug */,
				774D719F20BD2D1B008ED909 /* Release */,
			);
			defaultConfigurationIsVisible = 0;
			defaultConfigurationName = Release;
		};
/* End XCConfigurationList section */

/* Begin XCVersionGroup section */
		772B1CB420EDEC7900483A45 /* DataModel.xcdatamodeld */ = {
			isa = XCVersionGroup;
			children = (
				772B1CB520EDEC7900483A45 /* DataModel.xcdatamodel */,
			);
			currentVersion = 772B1CB520EDEC7900483A45 /* DataModel.xcdatamodel */;
			path = DataModel.xcdatamodeld;
			sourceTree = "<group>";
			versionGroupType = wrapper.xcdatamodel;
		};
/* End XCVersionGroup section */
	};
	rootObject = 774D718320BD2D1A008ED909 /* Project object */;
}
